{
  "requires": true,
  "lockfileVersion": 1,
  "dependencies": {
    "axios": {
      "version": "0.21.1",
      "resolved": "https://eu.artifactory.swg-devops.com/artifactory/api/npm/sec-ops-trusteer-npm-virtual/axios/-/axios-0.21.1.tgz?dl=https%3A%2F%2Fregistry.npmjs.org%2Faxios%2F-%2Faxios-0.21.1.tgz",
      "integrity": "sha1-IlY0gZYvTWvemnbVFu8OXTwJsrg=",
      "requires": {
        "follow-redirects": "^1.10.0"
      }
    },
    "follow-redirects": {
      "version": "1.14.1",
      "resolved": "https://eu.artifactory.swg-devops.com/artifactory/api/npm/sec-ops-trusteer-npm-virtual/follow-redirects/-/follow-redirects-1.14.1.tgz?dl=https%3A%2F%2Fregistry.npmjs.org%2Ffollow-redirects%2F-%2Ffollow-redirects-1.14.1.tgz",
      "integrity": "sha1-2RFN7Qoc/dM04WTmZirQK/2R/0M="
    }
  }
}
